
Microsoft Visual Studio Solution File, Format Version 12.00
# Visual Studio Version 16
VisualStudioVersion = 16.0.32126.315
MinimumVisualStudioVersion = 10.0.40219.1
Project("{9A19103F-16F7-4668-BE54-9A1E7A4F7556}") = "PcAccessories.Web.Host", "PcAccessories.Web.Host\PcAccessories.Web.Host.csproj", "{B5CA5373-E1DE-43B6-8462-24A06F16B792}"
EndProject
Project("{9A19103F-16F7-4668-BE54-9A1E7A4F7556}") = "PcAccessories.Entities", "PcAccessories.Entities\PcAccessories.Entities.csproj", "{0A742CBC-E3D2-4273-8AFD-2A159F24F1D1}"
EndProject
Project("{9A19103F-16F7-4668-BE54-9A1E7A4F7556}") = "PcAccessories.EFCore", "PcAccessories.EFCore\PcAccessories.EFCore.csproj", "{DE28DFE6-A350-4514-9B1F-247F18261972}"
EndProject
Project("{9A19103F-16F7-4668-BE54-9A1E7A4F7556}") = "PcAccessories.Services", "PcAccessories.Services\PcAccessories.Services.csproj", "{E25D6793-6312-497F-A8F8-57AC7F0DEC16}"
EndProject
Project("{FAE04EC0-301F-11D3-BF4B-00C04F79EFBC}") = "PcAccessories.Ultilities", "PcAccessories.Ultilities\PcAccessories.Ultilities.csproj", "{18C1A436-39B8-4DF8-A78F-08B185C51AD7}"
EndProject
Global
	GlobalSection(SolutionConfigurationPlatforms) = preSolution
		Debug|Any CPU = Debug|Any CPU
		Release|Any CPU = Release|Any CPU
	EndGlobalSection
	GlobalSection(ProjectConfigurationPlatforms) = postSolution
		{B5CA5373-E1DE-43B6-8462-24A06F16B792}.Debug|Any CPU.ActiveCfg = Debug|Any CPU
		{B5CA5373-E1DE-43B6-8462-24A06F16B792}.Debug|Any CPU.Build.0 = Debug|Any CPU
		{B5CA5373-E1DE-43B6-8462-24A06F16B792}.Release|Any CPU.ActiveCfg = Release|Any CPU
		{B5CA5373-E1DE-43B6-8462-24A06F16B792}.Release|Any CPU.Build.0 = Release|Any CPU
		{0A742CBC-E3D2-4273-8AFD-2A159F24F1D1}.Debug|Any CPU.ActiveCfg = Debug|Any CPU
		{0A742CBC-E3D2-4273-8AFD-2A159F24F1D1}.Debug|Any CPU.Build.0 = Debug|Any CPU
		{0A742CBC-E3D2-4273-8AFD-2A159F24F1D1}.Release|Any CPU.ActiveCfg = Release|Any CPU
		{0A742CBC-E3D2-4273-8AFD-2A159F24F1D1}.Release|Any CPU.Build.0 = Release|Any CPU
		{DE28DFE6-A350-4514-9B1F-247F18261972}.Debug|Any CPU.ActiveCfg = Debug|Any CPU
		{DE28DFE6-A350-4514-9B1F-247F18261972}.Debug|Any CPU.Build.0 = Debug|Any CPU
		{DE28DFE6-A350-4514-9B1F-247F18261972}.Release|Any CPU.ActiveCfg = Release|Any CPU
		{DE28DFE6-A350-4514-9B1F-247F18261972}.Release|Any CPU.Build.0 = Release|Any CPU
		{E25D6793-6312-497F-A8F8-57AC7F0DEC16}.Debug|Any CPU.ActiveCfg = Debug|Any CPU
		{E25D6793-6312-497F-A8F8-57AC7F0DEC16}.Debug|Any CPU.Build.0 = Debug|Any CPU
		{E25D6793-6312-497F-A8F8-57AC7F0DEC16}.Release|Any CPU.ActiveCfg = Release|Any CPU
		{E25D6793-6312-497F-A8F8-57AC7F0DEC16}.Release|Any CPU.Build.0 = Release|Any CPU
		{18C1A436-39B8-4DF8-A78F-08B185C51AD7}.Debug|Any CPU.ActiveCfg = Debug|Any CPU
		{18C1A436-39B8-4DF8-A78F-08B185C51AD7}.Debug|Any CPU.Build.0 = Debug|Any CPU
		{18C1A436-39B8-4DF8-A78F-08B185C51AD7}.Release|Any CPU.ActiveCfg = Release|Any CPU
		{18C1A436-39B8-4DF8-A78F-08B185C51AD7}.Release|Any CPU.Build.0 = Release|Any CPU
	EndGlobalSection
	GlobalSection(SolutionProperties) = preSolution
		HideSolutionNode = FALSE
	EndGlobalSection
	GlobalSection(ExtensibilityGlobals) = postSolution
		SolutionGuid = {65AA94BA-26B0-4FDE-9CEA-66AF3CD788E7}
	EndGlobalSection
EndGlobal
